
Microsoft Visual Studio Solution File, Format Version 12.00
# Visual Studio 14
VisualStudioVersion = 14.0.23107.0
MinimumVisualStudioVersion = 10.0.40219.1
Project("{FAE04EC0-301F-11D3-BF4B-00C04F79EFBC}") = "LetterHeadServer", "LetterHeadServer\LetterHeadServer.csproj", "{D8958A42-DDF8-42B1-A4CC-37CDC3BDAE16}"
EndProject
Project("{FAE04EC0-301F-11D3-BF4B-00C04F79EFBC}") = "LetterHeadShared", "LetterHeadShared\LetterHeadShared.csproj", "{EE90DAA0-3A9C-4A0C-AD49-4C7E51E455E0}"
EndProject
Project("{FAE04EC0-301F-11D3-BF4B-00C04F79EFBC}") = "MicrosoftAzure1", "MicrosoftAzure1\MicrosoftAzure1.csproj", "{E8DC4B85-ACDE-4B57-8C32-5FBAE84BD483}"
EndProject
Project("{FAE04EC0-301F-11D3-BF4B-00C04F79EFBC}") = "MicrosoftAzure2", "MicrosoftAzure2\MicrosoftAzure2.csproj", "{62FAB476-6C79-4E8B-A8D4-EE88FCE19710}"
EndProject
Global
	GlobalSection(SolutionConfigurationPlatforms) = preSolution
		Debug|Any CPU = Debug|Any CPU
		Release|Any CPU = Release|Any CPU
	EndGlobalSection
	GlobalSection(ProjectConfigurationPlatforms) = postSolution
		{D8958A42-DDF8-42B1-A4CC-37CDC3BDAE16}.Debug|Any CPU.ActiveCfg = Debug|Any CPU
		{D8958A42-DDF8-42B1-A4CC-37CDC3BDAE16}.Debug|Any CPU.Build.0 = Debug|Any CPU
		{D8958A42-DDF8-42B1-A4CC-37CDC3BDAE16}.Release|Any CPU.ActiveCfg = Release|Any CPU
		{D8958A42-DDF8-42B1-A4CC-37CDC3BDAE16}.Release|Any CPU.Build.0 = Release|Any CPU
		{EE90DAA0-3A9C-4A0C-AD49-4C7E51E455E0}.Debug|Any CPU.ActiveCfg = Debug|Any CPU
		{EE90DAA0-3A9C-4A0C-AD49-4C7E51E455E0}.Debug|Any CPU.Build.0 = Debug|Any CPU
		{EE90DAA0-3A9C-4A0C-AD49-4C7E51E455E0}.Release|Any CPU.ActiveCfg = Release|Any CPU
		{EE90DAA0-3A9C-4A0C-AD49-4C7E51E455E0}.Release|Any CPU.Build.0 = Release|Any CPU
		{E8DC4B85-ACDE-4B57-8C32-5FBAE84BD483}.Debug|Any CPU.ActiveCfg = Debug|Any CPU
		{E8DC4B85-ACDE-4B57-8C32-5FBAE84BD483}.Debug|Any CPU.Build.0 = Debug|Any CPU
		{E8DC4B85-ACDE-4B57-8C32-5FBAE84BD483}.Release|Any CPU.ActiveCfg = Release|Any CPU
		{E8DC4B85-ACDE-4B57-8C32-5FBAE84BD483}.Release|Any CPU.Build.0 = Release|Any CPU
		{62FAB476-6C79-4E8B-A8D4-EE88FCE19710}.Debug|Any CPU.ActiveCfg = Debug|Any CPU
		{62FAB476-6C79-4E8B-A8D4-EE88FCE19710}.Debug|Any CPU.Build.0 = Debug|Any CPU
		{62FAB476-6C79-4E8B-A8D4-EE88FCE19710}.Release|Any CPU.ActiveCfg = Release|Any CPU
		{62FAB476-6C79-4E8B-A8D4-EE88FCE19710}.Release|Any CPU.Build.0 = Release|Any CPU
	EndGlobalSection
	GlobalSection(SolutionProperties) = preSolution
		HideSolutionNode = FALSE
	EndGlobalSection
EndGlobal
